{
    "_meta": {
        "hash": {
            "sha256": "d540e6eda0470ba140932eb1a6377e2e82b08a047f4b4e7667a5848c1372f079"
        },
        "host-environment-markers": {
            "implementation_name": "cpython",
            "implementation_version": "3.6.3",
            "os_name": "nt",
            "platform_machine": "AMD64",
            "platform_python_implementation": "CPython",
            "platform_release": "10",
            "platform_system": "Windows",
            "platform_version": "10.0.16299",
            "python_full_version": "3.6.3",
            "python_version": "3.6",
            "sys_platform": "win32"
        },
        "pipfile-spec": 6,
        "requires": {},
        "sources": [
            {
                "name": "pypi",
                "url": "https://pypi.python.org/simple",
                "verify_ssl": true
            }
        ]
    },
    "default": {
        "arrow": {
            "hashes": [
                "sha256:a558d3b7b6ce7ffc74206a86c147052de23d3d4ef0e17c210dd478c53575c4cd"
            ],
            "version": "==0.12.1"
        },
        "binaryornot": {
            "hashes": [
                "sha256:b8b71173c917bddcd2c16070412e369c3ed7f0528926f70cac18a6c97fd563e4",
                "sha256:359501dfc9d40632edc9fac890e19542db1a287bbcfa58175b66658392018061"
            ],
            "version": "==0.4.4"
        },
        "boto3": {
            "hashes": [
                "sha256:abf3905c28e22dc7c325a17a98b811706ef254b628e3b77da80fca6b962b27fd",
                "sha256:069189ce54e1f22e8ffcd9d638f4f36b15d89d0ea31bd11ff0b87a6f5aaee9b6"
            ],
            "version": "==1.7.6"
        },
        "botocore": {
            "hashes": [
                "sha256:cacece8bda3dc6191f0b339d677987232a896af306fcf6fcc1ce2340c27a3365",
                "sha256:db90e17685c53867b2a11b2b562d692257fd7388833ff38df5efa43b5d3065f5"
            ],
            "version": "==1.10.6"
        },
        "briefcase": {
            "hashes": [
                "sha256:6188918d113280d1b2c304b58831796d7a12e9f0bb5d85fa5831955f072a1d2c",
                "sha256:7b2cb536bf36f1f1b4edc085dc9643e4551d3dcc0ae344a4370f32e350dabd58"
            ],
            "version": "==0.2.3"
        },
        "certifi": {
            "hashes": [
                "sha256:9fa520c1bacfb634fa7af20a76bcbd3d5fb390481724c597da32c719a7dca4b0",
                "sha256:13e698f54293db9f89122b0581843a782ad0934a4fe0172d2a980ba77fc61bb7"
            ],
            "version": "==2018.4.16"
        },
        "chardet": {
            "hashes": [
                "sha256:fc323ffcaeaed0e0a02bf4d117757b98aed530d9ed4531e3e15460124c106691",
                "sha256:84ab92ed1c4d4f16916e05906b6b75a6c0fb5db821cc65e70cbd64a3e2a5eaae"
            ],
            "version": "==3.0.4"
        },
        "click": {
            "hashes": [
                "sha256:29f99fc6125fbc931b758dc053b3114e55c77a6e4c6c3a2674a2dc986016381d",
                "sha256:f15516df478d5a56180fbf80e68f206010e6d160fc39fa508b65e035fd75130b"
            ],
            "version": "==6.7"
        },
        "cookiecutter": {
            "hashes": [
                "sha256:ed8f54a8fc79b6864020d773ce11539b5f08e4617f353de1f22d23226f6a0d36",
                "sha256:1316a52e1c1f08db0c9efbf7d876dbc01463a74b155a0d83e722be88beda9a3e"
            ],
            "version": "==1.6.0"
        },
        "docutils": {
            "hashes": [
                "sha256:7a4bd47eaf6596e1295ecb11361139febe29b084a87bf005bf899f9a42edc3c6",
                "sha256:02aec4bd92ab067f6ff27a38a38a41173bf01bed8f89157768c1573f53e474a6",
                "sha256:51e64ef2ebfb29cae1faa133b3710143496eca21c530f3f71424d77687764274"
            ],
            "version": "==0.14"
        },
        "future": {
            "hashes": [
                "sha256:e39ced1ab767b5936646cedba8bcce582398233d6a627067d4c6a454c90cfedb"
            ],
            "version": "==0.16.0"
        },
        "idna": {
            "hashes": [
                "sha256:8c7309c718f94b3a625cb648ace320157ad16ff131ae0af362c9f21b80ef6ec4",
                "sha256:2c6a5de3089009e3da7c5dde64a141dbc8551d5b7f6cf4ed7c2568d0cc520a8f"
            ],
            "version": "==2.6"
        },
        "jinja2": {
            "hashes": [
                "sha256:74c935a1b8bb9a3947c50a54766a969d4846290e1e788ea44c1392163723c3bd",
                "sha256:f84be1bb0040caca4cea721fcbbbbd61f9be9464ca236387158b0feea01914a4"
            ],
            "version": "==2.10"
        },
        "jinja2-time": {
            "hashes": [
                "sha256:d3eab6605e3ec8b7a0863df09cc1d23714908fa61aa6986a845c20ba488b4efa",
                "sha256:d14eaa4d315e7688daa4969f616f226614350c48730bfa1692d2caebd8c90d40"
            ],
            "version": "==0.2.0"
        },
        "jmespath": {
            "hashes": [
                "sha256:f11b4461f425740a1d908e9a3f7365c3d2e569f6ca68a2ff8bc5bcd9676edd63",
                "sha256:6a81d4c9aa62caf061cb517b4d9ad1dd300374cd4706997aff9cd6aedd61fc64"
            ],
            "version": "==0.9.3"
        },
        "markupsafe": {
            "hashes": [
                "sha256:a6be69091dac236ea9c6bc7d012beab42010fa914c459791d627dad4910eb665"
            ],
            "version": "==1.0"
        },
        "pint": {
            "hashes": [
                "sha256:afcf31443a478c32bbac4b00337ee9026a13d0e2ac83d30c79151462513bb0d4"
            ],
            "version": "==0.8.1"
        },
        "poyo": {
            "hashes": [
                "sha256:230ec11c2f35a23410c1f0e474f09fa4e203686f40ab3adca7b039c845d8c325",
                "sha256:103b4ee3e1c7765098fe1cabe43f828db2e2a6079646561a2117e1a809f352d6"
            ],
            "version": "==0.4.1"
        },
        "python-dateutil": {
            "hashes": [
                "sha256:3220490fb9741e2342e1cf29a503394fdac874bc39568288717ee67047ff29df",
                "sha256:9d8074be4c993fbe4947878ce593052f71dac82932a677d49194d8ce9778002e"
            ],
            "version": "==2.7.2"
        },
        "requests": {
            "hashes": [
                "sha256:6a1b267aa90cac58ac3a765d067950e7dbbf75b1da07e895d1f594193a40a38b",
                "sha256:9c443e7324ba5b85070c4a818ade28bfabedf16ea10206da1132edaa6dda237e"
            ],
            "version": "==2.18.4"
        },
        "s3transfer": {
            "hashes": [
                "sha256:c7a9ec356982d5e9ab2d4b46391a7d6a950e2b04c472419f5fdec70cc0ada72f",
                "sha256:90dc18e028989c609146e241ea153250be451e05ecc0c2832565231dacdf59c1"
            ],
            "version": "==0.1.13"
        },
        "six": {
            "hashes": [
                "sha256:832dc0e10feb1aa2c68dcc57dbb658f1c7e65b9b61af69048abc87a2db00a0eb",
                "sha256:70e8a77beed4562e7f14fe23a786b54f6296e34344c23bc42f07b15018ff98e9"
            ],
            "version": "==1.11.0"
        },
        "urllib3": {
            "hashes": [
                "sha256:06330f386d6e4b195fbfc736b297f58c5a892e4440e54d294d7004e3a9bbea1b",
                "sha256:cc44da8e1145637334317feebd728bd869a35285b93cbb4cca2577da7e62db4f"
            ],
            "version": "==1.22"
        },
        "voc": {
            "hashes": [
                "sha256:a2401134c4201a010a41e559e371619e8ae1787643233026613d19c7376ddbf3",
                "sha256:51a534eb1910b0cdaf43ecb737bfbe8d2900f2c9a3b94917b7fe8f99718894fa"
            ],
            "version": "==0.1.5"
        },
        "whichcraft": {
            "hashes": [
                "sha256:cd0e10b58960ab877d9f273cd28788730936c3cdaceec2dafad97c7cf3067d46",
                "sha256:9e0d51c9387cb7e9f28b7edb549e6a03da758f7784f991eb4397d7f7808c57fd"
            ],
            "version": "==0.4.1"
        },
        "wxpython": {
            "hashes": [
                "sha256:3c7864fdf00a61c8dea76ddc983f5ccbfaa859df1da83f24cf6f0ec4626bcaf1",
                "sha256:3a4e18220d8f2a274a3d59d833d406d8196c4b5f04e1de86a33813902dc54dcd",
                "sha256:c1da6417d00104f3d60d20a0cb27e5da671db384d9501a84e58a77c97e48c0d7",
                "sha256:c6b7a5926cf0dd4f56d6198703eff48ae8e8d8dfcdb037ade77b0e536ef0200a",
                "sha256:8bfd7d8691912e2674bb42fcc3d31469c45e86c04fa1bb8f64f8c5fc0492843a",
                "sha256:383c4d8ea29eb66bfa3e9d7096139df5e1216dd0873f5aad13205ead8df55a8c",
                "sha256:5e50b68487b0488ab7f7f9f538e964cc4f554147204487995ecabd4b58da7827",
                "sha256:cd1b30cd6a9cf6c1b132e7d846e913344e1e37e73520ac36c7b7172df06c43f9",
                "sha256:084dd4f32ea64b5a46610310253afa0b93ff94af20cdccdb7927389eddfee504",
                "sha256:0ea528909a9fad541aa24f67896f9ef4bc4a85e94388da8d7e0d42abd96d1298",
                "sha256:d5c82167380d4352174d8dee4983cd7b9f602f49e25b6682a3093141d8faa635",
                "sha256:047f6da3e46c417290935965f5d7237611b2fcc39013dde1474096da9aee755a",
                "sha256:f8f2ac1a75368b9b103259addc77f4e3dfe729c6d70aa1fd0b7e9c5b6075c710"
            ],
            "version": "==4.0.1"
        }
    },
    "develop": {}
}
